
Microsoft Visual Studio Solution File, Format Version 12.00
# Visual Studio 15
VisualStudioVersion = 15.0.28307.902
MinimumVisualStudioVersion = 10.0.40219.1
Project("{00D1A9C2-B5F0-4AF3-8072-F6C62B433612}") = "Data.Databse", "Data.Databse\Data.Databse.sqlproj", "{6C1ED797-C7FD-4DED-9A7D-464C63A414C3}"
EndProject
Project("{FAE04EC0-301F-11D3-BF4B-00C04F79EFBC}") = "Presentation.App", "Presentation.App\Presentation.App.csproj", "{225B9B13-6189-48C7-B287-26AB51752065}"
	ProjectSection(ProjectDependencies) = postProject
		{9C3AA05B-F654-4FE9-B2DD-1A2E6A79ED26} = {9C3AA05B-F654-4FE9-B2DD-1A2E6A79ED26}
		{98EFDEBF-7241-4BF6-826E-167B6BD8EDCE} = {98EFDEBF-7241-4BF6-826E-167B6BD8EDCE}
		{959E5EE9-CB39-41F4-B514-29AD043D412E} = {959E5EE9-CB39-41F4-B514-29AD043D412E}
	EndProjectSection
EndProject
Project("{FAE04EC0-301F-11D3-BF4B-00C04F79EFBC}") = "Data.DAL", "Data.DAL\Data.DAL.csproj", "{6806E298-BF8F-441F-8DF5-810EB6F708F1}"
	ProjectSection(ProjectDependencies) = postProject
		{959E5EE9-CB39-41F4-B514-29AD043D412E} = {959E5EE9-CB39-41F4-B514-29AD043D412E}
	EndProjectSection
EndProject
Project("{FAE04EC0-301F-11D3-BF4B-00C04F79EFBC}") = "Common", "Common\Common.csproj", "{959E5EE9-CB39-41F4-B514-29AD043D412E}"
EndProject
Project("{FAE04EC0-301F-11D3-BF4B-00C04F79EFBC}") = "Buisness.Core", "Buisness.Core\Buisness.Core.csproj", "{98EFDEBF-7241-4BF6-826E-167B6BD8EDCE}"
	ProjectSection(ProjectDependencies) = postProject
		{9C3AA05B-F654-4FE9-B2DD-1A2E6A79ED26} = {9C3AA05B-F654-4FE9-B2DD-1A2E6A79ED26}
		{6806E298-BF8F-441F-8DF5-810EB6F708F1} = {6806E298-BF8F-441F-8DF5-810EB6F708F1}
		{959E5EE9-CB39-41F4-B514-29AD043D412E} = {959E5EE9-CB39-41F4-B514-29AD043D412E}
	EndProjectSection
EndProject
Project("{FAE04EC0-301F-11D3-BF4B-00C04F79EFBC}") = "Buisness.Contracts", "Buisness.Contracts\Buisness.Contracts.csproj", "{9C3AA05B-F654-4FE9-B2DD-1A2E6A79ED26}"
	ProjectSection(ProjectDependencies) = postProject
		{959E5EE9-CB39-41F4-B514-29AD043D412E} = {959E5EE9-CB39-41F4-B514-29AD043D412E}
	EndProjectSection
EndProject
Global
	GlobalSection(SolutionConfigurationPlatforms) = preSolution
		Debug|Any CPU = Debug|Any CPU
		Release|Any CPU = Release|Any CPU
	EndGlobalSection
	GlobalSection(ProjectConfigurationPlatforms) = postSolution
		{6C1ED797-C7FD-4DED-9A7D-464C63A414C3}.Debug|Any CPU.ActiveCfg = Debug|Any CPU
		{6C1ED797-C7FD-4DED-9A7D-464C63A414C3}.Debug|Any CPU.Build.0 = Debug|Any CPU
		{6C1ED797-C7FD-4DED-9A7D-464C63A414C3}.Debug|Any CPU.Deploy.0 = Debug|Any CPU
		{6C1ED797-C7FD-4DED-9A7D-464C63A414C3}.Release|Any CPU.ActiveCfg = Release|Any CPU
		{6C1ED797-C7FD-4DED-9A7D-464C63A414C3}.Release|Any CPU.Build.0 = Release|Any CPU
		{6C1ED797-C7FD-4DED-9A7D-464C63A414C3}.Release|Any CPU.Deploy.0 = Release|Any CPU
		{225B9B13-6189-48C7-B287-26AB51752065}.Debug|Any CPU.ActiveCfg = Debug|Any CPU
		{225B9B13-6189-48C7-B287-26AB51752065}.Debug|Any CPU.Build.0 = Debug|Any CPU
		{225B9B13-6189-48C7-B287-26AB51752065}.Release|Any CPU.ActiveCfg = Release|Any CPU
		{225B9B13-6189-48C7-B287-26AB51752065}.Release|Any CPU.Build.0 = Release|Any CPU
		{6806E298-BF8F-441F-8DF5-810EB6F708F1}.Debug|Any CPU.ActiveCfg = Debug|Any CPU
		{6806E298-BF8F-441F-8DF5-810EB6F708F1}.Debug|Any CPU.Build.0 = Debug|Any CPU
		{6806E298-BF8F-441F-8DF5-810EB6F708F1}.Release|Any CPU.ActiveCfg = Release|Any CPU
		{6806E298-BF8F-441F-8DF5-810EB6F708F1}.Release|Any CPU.Build.0 = Release|Any CPU
		{959E5EE9-CB39-41F4-B514-29AD043D412E}.Debug|Any CPU.ActiveCfg = Debug|Any CPU
		{959E5EE9-CB39-41F4-B514-29AD043D412E}.Debug|Any CPU.Build.0 = Debug|Any CPU
		{959E5EE9-CB39-41F4-B514-29AD043D412E}.Release|Any CPU.ActiveCfg = Release|Any CPU
		{959E5EE9-CB39-41F4-B514-29AD043D412E}.Release|Any CPU.Build.0 = Release|Any CPU
		{98EFDEBF-7241-4BF6-826E-167B6BD8EDCE}.Debug|Any CPU.ActiveCfg = Debug|Any CPU
		{98EFDEBF-7241-4BF6-826E-167B6BD8EDCE}.Debug|Any CPU.Build.0 = Debug|Any CPU
		{98EFDEBF-7241-4BF6-826E-167B6BD8EDCE}.Release|Any CPU.ActiveCfg = Release|Any CPU
		{98EFDEBF-7241-4BF6-826E-167B6BD8EDCE}.Release|Any CPU.Build.0 = Release|Any CPU
		{9C3AA05B-F654-4FE9-B2DD-1A2E6A79ED26}.Debug|Any CPU.ActiveCfg = Debug|Any CPU
		{9C3AA05B-F654-4FE9-B2DD-1A2E6A79ED26}.Debug|Any CPU.Build.0 = Debug|Any CPU
		{9C3AA05B-F654-4FE9-B2DD-1A2E6A79ED26}.Release|Any CPU.ActiveCfg = Release|Any CPU
		{9C3AA05B-F654-4FE9-B2DD-1A2E6A79ED26}.Release|Any CPU.Build.0 = Release|Any CPU
	EndGlobalSection
	GlobalSection(SolutionProperties) = preSolution
		HideSolutionNode = FALSE
	EndGlobalSection
	GlobalSection(ExtensibilityGlobals) = postSolution
		SolutionGuid = {5FBF9DA9-3F08-478F-B4F3-1D51835B695A}
	EndGlobalSection
EndGlobal
